
Microsoft Visual Studio Solution File, Format Version 12.00
# Visual Studio 14
VisualStudioVersion = 14.0.25420.1
MinimumVisualStudioVersion = 10.0.40219.1
Project("{8BC9CEB8-8B4A-11D0-8D11-00A0C91BC942}") = "ORBIT_Camera", "Orbit_Camera\Orbit_Camera.vcxproj", "{4BB03626-6CFD-494F-A781-53C17524CB53}"
EndProject
Project("{2150E333-8FDC-42A3-9474-1A3956D46DE8}") = "0.Layer", "0.Layer", "{A0955F1E-8A73-4110-ABB0-4E1F4D737890}"
EndProject
Project("{2150E333-8FDC-42A3-9474-1A3956D46DE8}") = "01.Layer", "01.Layer", "{892A6794-F489-4566-97DC-0FD576819512}"
EndProject
Project("{8BC9CEB8-8B4A-11D0-8D11-00A0C91BC942}") = "ORBIT_Core", "Orbit_Core\Orbit_Core.vcxproj", "{9D89B4E3-00FB-435D-939D-7E7A5717AC62}"
EndProject
Project("{8BC9CEB8-8B4A-11D0-8D11-00A0C91BC942}") = "ORBIT_Base", "Orbit_Base\Orbit_Base.vcxproj", "{FE2F4BB4-188C-4B0A-BBA9-6BAFAF08805F}"
EndProject
Project("{2150E333-8FDC-42A3-9474-1A3956D46DE8}") = "30.Surface", "30.Surface", "{DACD54C8-9A35-477D-AA29-3D199F9DC0BC}"
EndProject
Project("{2150E333-8FDC-42A3-9474-1A3956D46DE8}") = "09.Layer", "09.Layer", "{67CF2ED8-EFCE-484E-8079-7F48F180AC05}"
EndProject
Project("{8BC9CEB8-8B4A-11D0-8D11-00A0C91BC942}") = "ORBIT_Math", "Orbit_Math\Orbit_Math.vcxproj", "{E1E37E79-0155-4A15-9BFE-CC96509F01A6}"
EndProject
Project("{2150E333-8FDC-42A3-9474-1A3956D46DE8}") = "999.undefined", "999.undefined", "{D24F27FA-AA27-4F56-864C-8896F733FE24}"
EndProject
Project("{2150E333-8FDC-42A3-9474-1A3956D46DE8}") = "04.Layer", "04.Layer", "{0A99CC88-666C-4568-9DD0-8AE5E877E268}"
EndProject
Project("{8BC9CEB8-8B4A-11D0-8D11-00A0C91BC942}") = "ORBIT_Render_RenderEngine", "ORBIT_RenderingEngine\ORBIT_RenderingEngine.vcxproj", "{4A09BE54-2213-453A-9771-213348F1819A}"
EndProject
Project("{8BC9CEB8-8B4A-11D0-8D11-00A0C91BC942}") = "ORBIT_Render_Data", "ORBIT_RenderData\ORBIT_RenderData.vcxproj", "{5A8D28E8-9C44-4E5F-946E-F96DFB673FAD}"
EndProject
Project("{2150E333-8FDC-42A3-9474-1A3956D46DE8}") = "05.Layer", "05.Layer", "{1E08FA84-8287-43FA-AD62-2B28739AB100}"
EndProject
Project("{2150E333-8FDC-42A3-9474-1A3956D46DE8}") = "02.Layer", "02.Layer", "{3E609ABA-B965-4B9F-A518-4FAC3ACF02CD}"
EndProject
Project("{8BC9CEB8-8B4A-11D0-8D11-00A0C91BC942}") = "ORBIT_Render_Base", "ORBIT_RenderBase\ORBIT_RenderBase.vcxproj", "{7C867F27-45EC-4104-B560-DA18C019BB7E}"
EndProject
Global
	GlobalSection(SolutionConfigurationPlatforms) = preSolution
		Debug|ARM = Debug|ARM
		Debug|x64 = Debug|x64
		Debug|x86 = Debug|x86
		Release|ARM = Release|ARM
		Release|x64 = Release|x64
		Release|x86 = Release|x86
	EndGlobalSection
	GlobalSection(ProjectConfigurationPlatforms) = postSolution
		{4BB03626-6CFD-494F-A781-53C17524CB53}.Debug|ARM.ActiveCfg = Debug|Win32
		{4BB03626-6CFD-494F-A781-53C17524CB53}.Debug|x64.ActiveCfg = Debug|x64
		{4BB03626-6CFD-494F-A781-53C17524CB53}.Debug|x64.Build.0 = Debug|x64
		{4BB03626-6CFD-494F-A781-53C17524CB53}.Debug|x86.ActiveCfg = Debug|Win32
		{4BB03626-6CFD-494F-A781-53C17524CB53}.Debug|x86.Build.0 = Debug|Win32
		{4BB03626-6CFD-494F-A781-53C17524CB53}.Release|ARM.ActiveCfg = Release|Win32
		{4BB03626-6CFD-494F-A781-53C17524CB53}.Release|x64.ActiveCfg = Release|x64
		{4BB03626-6CFD-494F-A781-53C17524CB53}.Release|x64.Build.0 = Release|x64
		{4BB03626-6CFD-494F-A781-53C17524CB53}.Release|x86.ActiveCfg = Release|Win32
		{4BB03626-6CFD-494F-A781-53C17524CB53}.Release|x86.Build.0 = Release|Win32
		{9D89B4E3-00FB-435D-939D-7E7A5717AC62}.Debug|ARM.ActiveCfg = Debug|Win32
		{9D89B4E3-00FB-435D-939D-7E7A5717AC62}.Debug|x64.ActiveCfg = Debug|x64
		{9D89B4E3-00FB-435D-939D-7E7A5717AC62}.Debug|x64.Build.0 = Debug|x64
		{9D89B4E3-00FB-435D-939D-7E7A5717AC62}.Debug|x86.ActiveCfg = Debug|Win32
		{9D89B4E3-00FB-435D-939D-7E7A5717AC62}.Debug|x86.Build.0 = Debug|Win32
		{9D89B4E3-00FB-435D-939D-7E7A5717AC62}.Release|ARM.ActiveCfg = Release|Win32
		{9D89B4E3-00FB-435D-939D-7E7A5717AC62}.Release|x64.ActiveCfg = Release|x64
		{9D89B4E3-00FB-435D-939D-7E7A5717AC62}.Release|x64.Build.0 = Release|x64
		{9D89B4E3-00FB-435D-939D-7E7A5717AC62}.Release|x86.ActiveCfg = Release|Win32
		{9D89B4E3-00FB-435D-939D-7E7A5717AC62}.Release|x86.Build.0 = Release|Win32
		{FE2F4BB4-188C-4B0A-BBA9-6BAFAF08805F}.Debug|ARM.ActiveCfg = Debug|Win32
		{FE2F4BB4-188C-4B0A-BBA9-6BAFAF08805F}.Debug|x64.ActiveCfg = Debug|x64
		{FE2F4BB4-188C-4B0A-BBA9-6BAFAF08805F}.Debug|x64.Build.0 = Debug|x64
		{FE2F4BB4-188C-4B0A-BBA9-6BAFAF08805F}.Debug|x86.ActiveCfg = Debug|Win32
		{FE2F4BB4-188C-4B0A-BBA9-6BAFAF08805F}.Debug|x86.Build.0 = Debug|Win32
		{FE2F4BB4-188C-4B0A-BBA9-6BAFAF08805F}.Release|ARM.ActiveCfg = Release|Win32
		{FE2F4BB4-188C-4B0A-BBA9-6BAFAF08805F}.Release|x64.ActiveCfg = Release|x64
		{FE2F4BB4-188C-4B0A-BBA9-6BAFAF08805F}.Release|x64.Build.0 = Release|x64
		{FE2F4BB4-188C-4B0A-BBA9-6BAFAF08805F}.Release|x86.ActiveCfg = Release|Win32
		{FE2F4BB4-188C-4B0A-BBA9-6BAFAF08805F}.Release|x86.Build.0 = Release|Win32
		{E1E37E79-0155-4A15-9BFE-CC96509F01A6}.Debug|ARM.ActiveCfg = Debug|Win32
		{E1E37E79-0155-4A15-9BFE-CC96509F01A6}.Debug|x64.ActiveCfg = Debug|x64
		{E1E37E79-0155-4A15-9BFE-CC96509F01A6}.Debug|x64.Build.0 = Debug|x64
		{E1E37E79-0155-4A15-9BFE-CC96509F01A6}.Debug|x86.ActiveCfg = Debug|Win32
		{E1E37E79-0155-4A15-9BFE-CC96509F01A6}.Debug|x86.Build.0 = Debug|Win32
		{E1E37E79-0155-4A15-9BFE-CC96509F01A6}.Release|ARM.ActiveCfg = Release|Win32
		{E1E37E79-0155-4A15-9BFE-CC96509F01A6}.Release|x64.ActiveCfg = Release|x64
		{E1E37E79-0155-4A15-9BFE-CC96509F01A6}.Release|x64.Build.0 = Release|x64
		{E1E37E79-0155-4A15-9BFE-CC96509F01A6}.Release|x86.ActiveCfg = Release|Win32
		{E1E37E79-0155-4A15-9BFE-CC96509F01A6}.Release|x86.Build.0 = Release|Win32
		{4A09BE54-2213-453A-9771-213348F1819A}.Debug|ARM.ActiveCfg = Debug|Win32
		{4A09BE54-2213-453A-9771-213348F1819A}.Debug|x64.ActiveCfg = Debug|x64
		{4A09BE54-2213-453A-9771-213348F1819A}.Debug|x64.Build.0 = Debug|x64
		{4A09BE54-2213-453A-9771-213348F1819A}.Debug|x86.ActiveCfg = Debug|Win32
		{4A09BE54-2213-453A-9771-213348F1819A}.Debug|x86.Build.0 = Debug|Win32
		{4A09BE54-2213-453A-9771-213348F1819A}.Release|ARM.ActiveCfg = Release|Win32
		{4A09BE54-2213-453A-9771-213348F1819A}.Release|x64.ActiveCfg = Release|x64
		{4A09BE54-2213-453A-9771-213348F1819A}.Release|x64.Build.0 = Release|x64
		{4A09BE54-2213-453A-9771-213348F1819A}.Release|x86.ActiveCfg = Release|Win32
		{4A09BE54-2213-453A-9771-213348F1819A}.Release|x86.Build.0 = Release|Win32
		{5A8D28E8-9C44-4E5F-946E-F96DFB673FAD}.Debug|ARM.ActiveCfg = Debug|Win32
		{5A8D28E8-9C44-4E5F-946E-F96DFB673FAD}.Debug|x64.ActiveCfg = Debug|x64
		{5A8D28E8-9C44-4E5F-946E-F96DFB673FAD}.Debug|x64.Build.0 = Debug|x64
		{5A8D28E8-9C44-4E5F-946E-F96DFB673FAD}.Debug|x86.ActiveCfg = Debug|Win32
		{5A8D28E8-9C44-4E5F-946E-F96DFB673FAD}.Debug|x86.Build.0 = Debug|Win32
		{5A8D28E8-9C44-4E5F-946E-F96DFB673FAD}.Release|ARM.ActiveCfg = Release|Win32
		{5A8D28E8-9C44-4E5F-946E-F96DFB673FAD}.Release|x64.ActiveCfg = Release|x64
		{5A8D28E8-9C44-4E5F-946E-F96DFB673FAD}.Release|x64.Build.0 = Release|x64
		{5A8D28E8-9C44-4E5F-946E-F96DFB673FAD}.Release|x86.ActiveCfg = Release|Win32
		{5A8D28E8-9C44-4E5F-946E-F96DFB673FAD}.Release|x86.Build.0 = Release|Win32
		{7C867F27-45EC-4104-B560-DA18C019BB7E}.Debug|ARM.ActiveCfg = Debug|Win32
		{7C867F27-45EC-4104-B560-DA18C019BB7E}.Debug|x64.ActiveCfg = Debug|x64
		{7C867F27-45EC-4104-B560-DA18C019BB7E}.Debug|x64.Build.0 = Debug|x64
		{7C867F27-45EC-4104-B560-DA18C019BB7E}.Debug|x86.ActiveCfg = Debug|Win32
		{7C867F27-45EC-4104-B560-DA18C019BB7E}.Debug|x86.Build.0 = Debug|Win32
		{7C867F27-45EC-4104-B560-DA18C019BB7E}.Release|ARM.ActiveCfg = Release|Win32
		{7C867F27-45EC-4104-B560-DA18C019BB7E}.Release|x64.ActiveCfg = Release|x64
		{7C867F27-45EC-4104-B560-DA18C019BB7E}.Release|x64.Build.0 = Release|x64
		{7C867F27-45EC-4104-B560-DA18C019BB7E}.Release|x86.ActiveCfg = Release|Win32
		{7C867F27-45EC-4104-B560-DA18C019BB7E}.Release|x86.Build.0 = Release|Win32
	EndGlobalSection
	GlobalSection(SolutionProperties) = preSolution
		HideSolutionNode = FALSE
	EndGlobalSection
	GlobalSection(NestedProjects) = preSolution
		{4BB03626-6CFD-494F-A781-53C17524CB53} = {67CF2ED8-EFCE-484E-8079-7F48F180AC05}
		{9D89B4E3-00FB-435D-939D-7E7A5717AC62} = {D24F27FA-AA27-4F56-864C-8896F733FE24}
		{FE2F4BB4-188C-4B0A-BBA9-6BAFAF08805F} = {A0955F1E-8A73-4110-ABB0-4E1F4D737890}
		{E1E37E79-0155-4A15-9BFE-CC96509F01A6} = {892A6794-F489-4566-97DC-0FD576819512}
		{4A09BE54-2213-453A-9771-213348F1819A} = {1E08FA84-8287-43FA-AD62-2B28739AB100}
		{5A8D28E8-9C44-4E5F-946E-F96DFB673FAD} = {0A99CC88-666C-4568-9DD0-8AE5E877E268}
		{7C867F27-45EC-4104-B560-DA18C019BB7E} = {3E609ABA-B965-4B9F-A518-4FAC3ACF02CD}
	EndGlobalSection
EndGlobal
